
Microsoft Visual Studio Solution File, Format Version 12.00
# Visual Studio Version 16
VisualStudioVersion = 16.0.28407.52
MinimumVisualStudioVersion = 10.0.40219.1
Project("{2150E333-8FDC-42A3-9474-1A3956D46DE8}") = "Command", "Command", "{CA440BA2-8014-43ED-B5B3-E6BCA8089373}"
EndProject
Project("{2150E333-8FDC-42A3-9474-1A3956D46DE8}") = "Query", "Query", "{AD060428-6550-45E5-AD4A-72DD9739EE9A}"
EndProject
Project("{2150E333-8FDC-42A3-9474-1A3956D46DE8}") = "Domain", "Domain", "{C9EE7365-86DB-4E57-8A5B-4392D67C231A}"
EndProject
Project("{9A19103F-16F7-4668-BE54-9A1E7A4F7556}") = "TravelGuide", "Command\Domain\TravelGuide\TravelGuide.csproj", "{85152687-E041-47F7-8602-4B397D2E9F1F}"
EndProject
Project("{FAE04EC0-301F-11D3-BF4B-00C04F79EFBC}") = "Common", "Command\Domain\Common\Common\Common.csproj", "{C6DDD294-613B-4C4E-A5DD-D8E4359F1077}"
EndProject
Global
	GlobalSection(SolutionConfigurationPlatforms) = preSolution
		Debug|Any CPU = Debug|Any CPU
		Release|Any CPU = Release|Any CPU
	EndGlobalSection
	GlobalSection(ProjectConfigurationPlatforms) = postSolution
		{85152687-E041-47F7-8602-4B397D2E9F1F}.Debug|Any CPU.ActiveCfg = Debug|Any CPU
		{85152687-E041-47F7-8602-4B397D2E9F1F}.Debug|Any CPU.Build.0 = Debug|Any CPU
		{85152687-E041-47F7-8602-4B397D2E9F1F}.Release|Any CPU.ActiveCfg = Release|Any CPU
		{85152687-E041-47F7-8602-4B397D2E9F1F}.Release|Any CPU.Build.0 = Release|Any CPU
		{C6DDD294-613B-4C4E-A5DD-D8E4359F1077}.Debug|Any CPU.ActiveCfg = Debug|Any CPU
		{C6DDD294-613B-4C4E-A5DD-D8E4359F1077}.Debug|Any CPU.Build.0 = Debug|Any CPU
		{C6DDD294-613B-4C4E-A5DD-D8E4359F1077}.Release|Any CPU.ActiveCfg = Release|Any CPU
		{C6DDD294-613B-4C4E-A5DD-D8E4359F1077}.Release|Any CPU.Build.0 = Release|Any CPU
	EndGlobalSection
	GlobalSection(SolutionProperties) = preSolution
		HideSolutionNode = FALSE
	EndGlobalSection
	GlobalSection(NestedProjects) = preSolution
		{C9EE7365-86DB-4E57-8A5B-4392D67C231A} = {CA440BA2-8014-43ED-B5B3-E6BCA8089373}
		{85152687-E041-47F7-8602-4B397D2E9F1F} = {C9EE7365-86DB-4E57-8A5B-4392D67C231A}
		{C6DDD294-613B-4C4E-A5DD-D8E4359F1077} = {C9EE7365-86DB-4E57-8A5B-4392D67C231A}
	EndGlobalSection
	GlobalSection(ExtensibilityGlobals) = postSolution
		SolutionGuid = {57BEE1C6-798D-4C27-8A85-A0D4945F4550}
	EndGlobalSection
EndGlobal
